
Microsoft Visual Studio Solution File, Format Version 12.00
# Visual Studio Version 16
VisualStudioVersion = 16.0.31624.102
MinimumVisualStudioVersion = 10.0.40219.1
Project("{FAE04EC0-301F-11D3-BF4B-00C04F79EFBC}") = "Regular выражения", "Regular выражения\Regular выражения.csproj", "{9377ECFF-6033-48E7-B598-2238629D6DC9}"
EndProject
Global
	GlobalSection(SolutionConfigurationPlatforms) = preSolution
		Debug|Any CPU = Debug|Any CPU
		Release|Any CPU = Release|Any CPU
	EndGlobalSection
	GlobalSection(ProjectConfigurationPlatforms) = postSolution
		{9377ECFF-6033-48E7-B598-2238629D6DC9}.Debug|Any CPU.ActiveCfg = Debug|Any CPU
		{9377ECFF-6033-48E7-B598-2238629D6DC9}.Debug|Any CPU.Build.0 = Debug|Any CPU
		{9377ECFF-6033-48E7-B598-2238629D6DC9}.Release|Any CPU.ActiveCfg = Release|Any CPU
		{9377ECFF-6033-48E7-B598-2238629D6DC9}.Release|Any CPU.Build.0 = Release|Any CPU
	EndGlobalSection
	GlobalSection(SolutionProperties) = preSolution
		HideSolutionNode = FALSE
	EndGlobalSection
	GlobalSection(ExtensibilityGlobals) = postSolution
		SolutionGuid = {EB1D3CFB-1921-4A10-A7EB-A14060DCF5C2}
	EndGlobalSection
EndGlobal
