
Microsoft Visual Studio Solution File, Format Version 12.00
# Visual Studio Version 17
VisualStudioVersion = 17.1.32210.238
MinimumVisualStudioVersion = 10.0.40219.1
Project("{FAE04EC0-301F-11D3-BF4B-00C04F79EFBC}") = "database_gui", "database_gui\database_gui.csproj", "{2F6D4687-FB49-4785-AE08-7E9B1E820FC4}"
EndProject
Global
	GlobalSection(SolutionConfigurationPlatforms) = preSolution
		Debug|Any CPU = Debug|Any CPU
		Release|Any CPU = Release|Any CPU
	EndGlobalSection
	GlobalSection(ProjectConfigurationPlatforms) = postSolution
		{2F6D4687-FB49-4785-AE08-7E9B1E820FC4}.Debug|Any CPU.ActiveCfg = Debug|Any CPU
		{2F6D4687-FB49-4785-AE08-7E9B1E820FC4}.Debug|Any CPU.Build.0 = Debug|Any CPU
		{2F6D4687-FB49-4785-AE08-7E9B1E820FC4}.Release|Any CPU.ActiveCfg = Release|Any CPU
		{2F6D4687-FB49-4785-AE08-7E9B1E820FC4}.Release|Any CPU.Build.0 = Release|Any CPU
	EndGlobalSection
	GlobalSection(SolutionProperties) = preSolution
		HideSolutionNode = FALSE
	EndGlobalSection
	GlobalSection(ExtensibilityGlobals) = postSolution
		SolutionGuid = {6F4ACC77-470B-4958-8CBE-09CADDFFCB60}
	EndGlobalSection
EndGlobal
