
Microsoft Visual Studio Solution File, Format Version 12.00
# Visual Studio Version 17
VisualStudioVersion = 17.1.32210.238
MinimumVisualStudioVersion = 10.0.40219.1
Project("{FAE04EC0-301F-11D3-BF4B-00C04F79EFBC}") = "Lab_5_Threads", "Lab_5_Threads\Lab_5_Threads.csproj", "{F678C6BC-C82D-4EA7-820E-1F9FE7E82860}"
EndProject
Global
	GlobalSection(SolutionConfigurationPlatforms) = preSolution
		Debug|Any CPU = Debug|Any CPU
		Release|Any CPU = Release|Any CPU
	EndGlobalSection
	GlobalSection(ProjectConfigurationPlatforms) = postSolution
		{F678C6BC-C82D-4EA7-820E-1F9FE7E82860}.Debug|Any CPU.ActiveCfg = Debug|Any CPU
		{F678C6BC-C82D-4EA7-820E-1F9FE7E82860}.Debug|Any CPU.Build.0 = Debug|Any CPU
		{F678C6BC-C82D-4EA7-820E-1F9FE7E82860}.Release|Any CPU.ActiveCfg = Release|Any CPU
		{F678C6BC-C82D-4EA7-820E-1F9FE7E82860}.Release|Any CPU.Build.0 = Release|Any CPU
	EndGlobalSection
	GlobalSection(SolutionProperties) = preSolution
		HideSolutionNode = FALSE
	EndGlobalSection
	GlobalSection(ExtensibilityGlobals) = postSolution
		SolutionGuid = {CF95248E-6C8C-4E54-BDB7-B70D860B32D0}
	EndGlobalSection
EndGlobal
