
Microsoft Visual Studio Solution File, Format Version 12.00
# Visual Studio Version 17
VisualStudioVersion = 17.0.32112.339
MinimumVisualStudioVersion = 10.0.40219.1
Project("{FAE04EC0-301F-11D3-BF4B-00C04F79EFBC}") = "TestNetwork", "TestNetwork\TestNetwork.csproj", "{86851A69-D34C-4F5F-AAC3-925176BE858F}"
EndProject
Global
	GlobalSection(SolutionConfigurationPlatforms) = preSolution
		Debug|Any CPU = Debug|Any CPU
		Release|Any CPU = Release|Any CPU
	EndGlobalSection
	GlobalSection(ProjectConfigurationPlatforms) = postSolution
		{86851A69-D34C-4F5F-AAC3-925176BE858F}.Debug|Any CPU.ActiveCfg = Debug|Any CPU
		{86851A69-D34C-4F5F-AAC3-925176BE858F}.Debug|Any CPU.Build.0 = Debug|Any CPU
		{86851A69-D34C-4F5F-AAC3-925176BE858F}.Release|Any CPU.ActiveCfg = Release|Any CPU
		{86851A69-D34C-4F5F-AAC3-925176BE858F}.Release|Any CPU.Build.0 = Release|Any CPU
	EndGlobalSection
	GlobalSection(SolutionProperties) = preSolution
		HideSolutionNode = FALSE
	EndGlobalSection
	GlobalSection(ExtensibilityGlobals) = postSolution
		SolutionGuid = {1E86268A-56B6-4384-BD47-DF06796B7B39}
	EndGlobalSection
EndGlobal
