
Microsoft Visual Studio Solution File, Format Version 12.00
# Visual Studio Version 17
VisualStudioVersion = 17.1.32210.238
MinimumVisualStudioVersion = 10.0.40219.1
Project("{FAE04EC0-301F-11D3-BF4B-00C04F79EFBC}") = "LR_Find_Simple_number", "LR_Find_Simple_number\LR_Find_Simple_number.csproj", "{1F5DF189-8AC0-4C9E-848E-A3D948F3E035}"
EndProject
Global
	GlobalSection(SolutionConfigurationPlatforms) = preSolution
		Debug|Any CPU = Debug|Any CPU
		Release|Any CPU = Release|Any CPU
	EndGlobalSection
	GlobalSection(ProjectConfigurationPlatforms) = postSolution
		{1F5DF189-8AC0-4C9E-848E-A3D948F3E035}.Debug|Any CPU.ActiveCfg = Debug|Any CPU
		{1F5DF189-8AC0-4C9E-848E-A3D948F3E035}.Debug|Any CPU.Build.0 = Debug|Any CPU
		{1F5DF189-8AC0-4C9E-848E-A3D948F3E035}.Release|Any CPU.ActiveCfg = Release|Any CPU
		{1F5DF189-8AC0-4C9E-848E-A3D948F3E035}.Release|Any CPU.Build.0 = Release|Any CPU
	EndGlobalSection
	GlobalSection(SolutionProperties) = preSolution
		HideSolutionNode = FALSE
	EndGlobalSection
	GlobalSection(ExtensibilityGlobals) = postSolution
		SolutionGuid = {0B1281AF-1C3F-4F83-A7C8-9B76DAF1DC92}
	EndGlobalSection
EndGlobal
