
Microsoft Visual Studio Solution File, Format Version 12.00
# Visual Studio Version 16
VisualStudioVersion = 16.0.31624.102
MinimumVisualStudioVersion = 10.0.40219.1
Project("{9A19103F-16F7-4668-BE54-9A1E7A4F7556}") = "Ассоциации", "Ассоциации\Ассоциации.csproj", "{183B3F15-9595-41AD-A5A6-FF66C6DEDD3E}"
EndProject
Project("{FAE04EC0-301F-11D3-BF4B-00C04F79EFBC}") = "My_The_Best_Libruary", "My_The_Best_Libruary\My_The_Best_Libruary.csproj", "{567BE7BC-689D-4545-87A2-54C86D2CBA63}"
EndProject
Global
	GlobalSection(SolutionConfigurationPlatforms) = preSolution
		Debug|Any CPU = Debug|Any CPU
		Release|Any CPU = Release|Any CPU
	EndGlobalSection
	GlobalSection(ProjectConfigurationPlatforms) = postSolution
		{183B3F15-9595-41AD-A5A6-FF66C6DEDD3E}.Debug|Any CPU.ActiveCfg = Debug|Any CPU
		{183B3F15-9595-41AD-A5A6-FF66C6DEDD3E}.Debug|Any CPU.Build.0 = Debug|Any CPU
		{183B3F15-9595-41AD-A5A6-FF66C6DEDD3E}.Release|Any CPU.ActiveCfg = Release|Any CPU
		{183B3F15-9595-41AD-A5A6-FF66C6DEDD3E}.Release|Any CPU.Build.0 = Release|Any CPU
		{567BE7BC-689D-4545-87A2-54C86D2CBA63}.Debug|Any CPU.ActiveCfg = Debug|Any CPU
		{567BE7BC-689D-4545-87A2-54C86D2CBA63}.Debug|Any CPU.Build.0 = Debug|Any CPU
		{567BE7BC-689D-4545-87A2-54C86D2CBA63}.Release|Any CPU.ActiveCfg = Release|Any CPU
		{567BE7BC-689D-4545-87A2-54C86D2CBA63}.Release|Any CPU.Build.0 = Release|Any CPU
	EndGlobalSection
	GlobalSection(SolutionProperties) = preSolution
		HideSolutionNode = FALSE
	EndGlobalSection
	GlobalSection(ExtensibilityGlobals) = postSolution
		SolutionGuid = {C5978E31-7A84-47D7-84D3-43DDA261339D}
	EndGlobalSection
EndGlobal
